
Microsoft Visual Studio Solution File, Format Version 11.00
# Visual Studio 2010
Project("{FAE04EC0-301F-11D3-BF4B-00C04F79EFBC}") = "Too Many Cooks", "Assembly-CSharp.csproj", "{DFF34D98-62F6-7049-EE90-E460F6B65288}"
EndProject
Global
	GlobalSection(SolutionConfigurationPlatforms) = preSolution
		Debug|Any CPU = Debug|Any CPU
		Release|Any CPU = Release|Any CPU
	EndGlobalSection
	GlobalSection(ProjectConfigurationPlatforms) = postSolution
		{DFF34D98-62F6-7049-EE90-E460F6B65288}.Debug|Any CPU.ActiveCfg = Debug|Any CPU
		{DFF34D98-62F6-7049-EE90-E460F6B65288}.Debug|Any CPU.Build.0 = Debug|Any CPU
		{DFF34D98-62F6-7049-EE90-E460F6B65288}.Release|Any CPU.ActiveCfg = Release|Any CPU
		{DFF34D98-62F6-7049-EE90-E460F6B65288}.Release|Any CPU.Build.0 = Release|Any CPU
	EndGlobalSection
	GlobalSection(SolutionProperties) = preSolution
		HideSolutionNode = FALSE
	EndGlobalSection
	GlobalSection(MonoDevelopProperties) = preSolution
		StartupItem = Assembly-CSharp.csproj
	EndGlobalSection
EndGlobal
